
Microsoft Visual Studio Solution File, Format Version 12.00
# Visual Studio 15
VisualStudioVersion = 15.0.27703.2035
MinimumVisualStudioVersion = 10.0.40219.1
Project("{8BC9CEB8-8B4A-11D0-8D11-00A0C91BC942}") = "CRC2005cmd", "CRC2005cmd\CRC2005cmd.vcxproj", "{4BA7A3DD-89B5-40EA-8E3B-8B28D211C82E}"
EndProject
Global
	GlobalSection(SolutionConfigurationPlatforms) = preSolution
		Debug|x86 = Debug|x86
		Release|x86 = Release|x86
	EndGlobalSection
	GlobalSection(ProjectConfigurationPlatforms) = postSolution
		{4BA7A3DD-89B5-40EA-8E3B-8B28D211C82E}.Debug|x86.ActiveCfg = Debug|Win32
		{4BA7A3DD-89B5-40EA-8E3B-8B28D211C82E}.Debug|x86.Build.0 = Debug|Win32
		{4BA7A3DD-89B5-40EA-8E3B-8B28D211C82E}.Release|x86.ActiveCfg = Release|Win32
		{4BA7A3DD-89B5-40EA-8E3B-8B28D211C82E}.Release|x86.Build.0 = Release|Win32
	EndGlobalSection
	GlobalSection(SolutionProperties) = preSolution
		HideSolutionNode = FALSE
	EndGlobalSection
	GlobalSection(ExtensibilityGlobals) = postSolution
		SolutionGuid = {3AE735D7-8D3F-49FC-B8BF-C36E33390832}
	EndGlobalSection
EndGlobal
